<?xml version="1.0" encoding="utf-8"?>
<Project ToolsVersion="4.0" xmlns="http://schemas.microsoft.com/developer/msbuild/2003">
  <ItemGroup>
    <Page Include="MainWindow.xaml">
      <Filter>Xaml</Filter>
    </Page>
    <Page Include="Home.xaml">
      <Filter>Xaml</Filter>
    </Page>
    <Page Include="MainPageApp.xaml">
      <Filter>Xaml</Filter>
    </Page>
  </ItemGroup>
  <ItemGroup>
    <Midl Include="MainWindow.idl" />
    <Midl Include="Assets\Animated\AnimatedVisuals.CheckmarkAnim.idl">
      <Filter>Assets\Animated\CheckMark</Filter>
    </Midl>
    <Midl Include="Assets\Animated\AnimatedVisuals.RobotGoAnim.idl">
      <Filter>Assets\Animated\RobotGo</Filter>
    </Midl>
    <Midl Include="Assets\Animated\AnimatedVisuals.RobotSleepAnim.idl">
      <Filter>Assets\Animated\RobotSleep</Filter>
    </Midl>
  </ItemGroup>
  <ItemGroup>
    <ClCompile Include="Assets\Animated\AnimatedVisuals.CheckmarkAnim.cpp">
      <Filter>Assets\Animated\CheckMark</Filter>
    </ClCompile>
    <ClCompile Include="Assets\Animated\AnimatedVisuals.RobotGoAnim.cpp">
      <Filter>Assets\Animated\RobotGo</Filter>
    </ClCompile>
    <ClCompile Include="Assets\Animated\AnimatedVisuals.RobotSleepAnim.cpp">
      <Filter>Assets\Animated\RobotSleep</Filter>
    </ClCompile>
    <ClCompile Include="$(GeneratedFilesDir)module.g.cpp">
      <Filter>Other</Filter>
    </ClCompile>
    <ClCompile Include="pch.cpp">
      <Filter>Other</Filter>
    </ClCompile>
    <ClCompile Include="LinkWithRobot.cpp">
      <Filter>Clases</Filter>
    </ClCompile>
    <ClCompile Include="KeyHandler.cpp">
      <Filter>Clases</Filter>
    </ClCompile>
    <ClCompile Include="JoystickManager.cpp" />
  </ItemGroup>
  <ItemGroup>
    <ClInclude Include="Assets\Animated\AnimatedVisuals.CheckmarkAnim.h">
      <Filter>Assets\Animated\CheckMark</Filter>
    </ClInclude>
    <ClInclude Include="Assets\Animated\AnimatedVisuals.RobotGoAnim.h">
      <Filter>Assets\Animated\RobotGo</Filter>
    </ClInclude>
    <ClInclude Include="Assets\Animated\AnimatedVisuals.RobotSleepAnim.h">
      <Filter>Assets\Animated\RobotSleep</Filter>
    </ClInclude>
    <ClInclude Include="pch.h">
      <Filter>Other</Filter>
    </ClInclude>
    <ClInclude Include="LinkWithRobot.h">
      <Filter>Clases</Filter>
    </ClInclude>
    <ClInclude Include="KeyHandler.h">
      <Filter>Clases</Filter>
    </ClInclude>
    <ClInclude Include="JoystickManager.h" />
  </ItemGroup>
  <ItemGroup>
    <Image Include="Assets\StoreLogo.png">
      <Filter>Assets</Filter>
    </Image>
    <Image Include="Assets\Square150x150Logo.scale-200.png">
      <Filter>Assets</Filter>
    </Image>
    <Image Include="Assets\Square44x44Logo.targetsize-24_altform-unplated.png">
      <Filter>Assets</Filter>
    </Image>
    <Image Include="Assets\Square44x44Logo.scale-200.png">
      <Filter>Assets</Filter>
    </Image>
    <Image Include="Assets\RobotSleep.png">
      <Filter>Assets</Filter>
    </Image>
    <Image Include="Assets\BadgeLogo.scale-400.png">
      <Filter>Other</Filter>
    </Image>
    <Image Include="Assets\Square44x44Logo.scale-400.png">
      <Filter>Other</Filter>
    </Image>
  </ItemGroup>
  <ItemGroup>
    <Filter Include="Assets">
      <UniqueIdentifier>{677a98ba-a08b-4591-9b1d-1b874bccdbe1}</UniqueIdentifier>
    </Filter>
    <Filter Include="Assets\Animated">
      <UniqueIdentifier>{ed185395-513b-4bd5-9564-5a89b1c35499}</UniqueIdentifier>
    </Filter>
    <Filter Include="Assets\Animated\CheckMark">
      <UniqueIdentifier>{feff922b-55b5-4d15-9f12-9476859048d9}</UniqueIdentifier>
    </Filter>
    <Filter Include="Assets\Animated\RobotGo">
      <UniqueIdentifier>{a5d5ea97-c953-4c6d-87ad-fd7a0230ee09}</UniqueIdentifier>
    </Filter>
    <Filter Include="Assets\Animated\RobotSleep">
      <UniqueIdentifier>{216806ec-a115-44d3-9f2d-a21618057e5d}</UniqueIdentifier>
    </Filter>
    <Filter Include="Assets\Video">
      <UniqueIdentifier>{48ac7580-d070-4dbf-bd25-1d3f808c4a31}</UniqueIdentifier>
    </Filter>
    <Filter Include="Assets\Htmls">
      <UniqueIdentifier>{5add8b04-8a27-455f-b8ce-3973a1028b3f}</UniqueIdentifier>
    </Filter>
    <Filter Include="Xaml">
      <UniqueIdentifier>{73e1728b-6144-4588-bc28-14ec554209af}</UniqueIdentifier>
    </Filter>
    <Filter Include="Other">
      <UniqueIdentifier>{80502159-8f85-466c-ab8c-625a2f7e7ca8}</UniqueIdentifier>
    </Filter>
    <Filter Include="Clases">
      <UniqueIdentifier>{b8af296c-ae2f-4e7e-998e-e168b1bf0179}</UniqueIdentifier>
    </Filter>
  </ItemGroup>
  <ItemGroup>
    <None Include="packages.config">
      <Filter>Other</Filter>
    </None>
    <None Include="TLTC (winUi3)_TemporaryKey.pfx">
      <Filter>Other</Filter>
    </None>
  </ItemGroup>
  <ItemGroup>
    <Natvis Include="$(MSBuildThisFileDirectory)..\..\natvis\wil.natstepfilter">
      <Filter>Other</Filter>
    </Natvis>
    <Natvis Include="$(MSBuildThisFileDirectory)..\..\natvis\wil.natvis">
      <Filter>Other</Filter>
    </Natvis>
  </ItemGroup>
  <ItemGroup>
    <CopyFileToFolders Include="Config.json">
      <Filter>Other</Filter>
    </CopyFileToFolders>
    <CopyFileToFolders Include="Assets\BluetoothDriver.py">
      <Filter>Assets</Filter>
    </CopyFileToFolders>
  </ItemGroup>
  <ItemGroup>
    <Media Include="Assets\Video\Hollow knight.mp4">
      <Filter>Assets\Video</Filter>
    </Media>
    <Media Include="Assets\ParellParkRutube.html">
      <Filter>Assets\Htmls</Filter>
    </Media>
    <Media Include="Assets\GarageParkRutube.html">
      <Filter>Assets\Htmls</Filter>
    </Media>
    <Media Include="Assets\Video\Mountain.mp4">
      <Filter>Assets\Video</Filter>
    </Media>
    <Media Include="Assets\Video\Start.mp4">
      <Filter>Assets\Video</Filter>
    </Media>
    <Media Include="Assets\Video\End.mp4">
      <Filter>Assets\Video</Filter>
    </Media>
    <Media Include="Assets\Video\Garage.mp4">
      <Filter>Assets\Video</Filter>
    </Media>
    <Media Include="Assets\Video\Turn.mp4">
      <Filter>Assets\Video</Filter>
    </Media>
    <Media Include="Assets\Video\ParellPark.mp4">
      <Filter>Assets\Video</Filter>
    </Media>
  </ItemGroup>
  <ItemGroup>
    <ApplicationDefinition Include="App.xaml">
      <Filter>Xaml</Filter>
    </ApplicationDefinition>
  </ItemGroup>
  <ItemGroup>
    <Manifest Include="app.manifest">
      <Filter>Other</Filter>
    </Manifest>
  </ItemGroup>
  <ItemGroup>
    <AppxManifest Include="Package.appxmanifest">
      <Filter>Other</Filter>
    </AppxManifest>
  </ItemGroup>
  <ItemGroup>
    <Text Include="readme.txt">
      <Filter>Other</Filter>
    </Text>
  </ItemGroup>
</Project>